
Microsoft Visual Studio Solution File, Format Version 12.00
# Visual Studio 2012
Project("{8BC9CEB8-8B4A-11D0-8D11-00A0C91BC942}") = "aniTool", "aniTool.vcxproj", "{62B7CEC0-5A3C-402A-9205-29F0BFB2AABE}"
EndProject
Global
	GlobalSection(SolutionConfigurationPlatforms) = preSolution
		Debug|Win32 = Debug|Win32
		Release|Win32 = Release|Win32
	EndGlobalSection
	GlobalSection(ProjectConfigurationPlatforms) = postSolution
		{62B7CEC0-5A3C-402A-9205-29F0BFB2AABE}.Debug|Win32.ActiveCfg = Debug|Win32
		{62B7CEC0-5A3C-402A-9205-29F0BFB2AABE}.Debug|Win32.Build.0 = Debug|Win32
		{62B7CEC0-5A3C-402A-9205-29F0BFB2AABE}.Release|Win32.ActiveCfg = Release|Win32
		{62B7CEC0-5A3C-402A-9205-29F0BFB2AABE}.Release|Win32.Build.0 = Release|Win32
	EndGlobalSection
	GlobalSection(SolutionProperties) = preSolution
		HideSolutionNode = FALSE
	EndGlobalSection
EndGlobal
